
Microsoft Visual Studio Solution File, Format Version 12.00
# Visual Studio Version 16
VisualStudioVersion = 16.0.29728.190
MinimumVisualStudioVersion = 10.0.40219.1
Project("{8BC9CEB8-8B4A-11D0-8D11-00A0C91BC942}") = "SD2_VISION_OPENCV", "SD2_VISION_OPENCV\SD2_VISION_OPENCV.vcxproj", "{B39A2D9A-CA92-46B0-BE51-7F8E2D70F3CA}"
EndProject
Global
	GlobalSection(SolutionConfigurationPlatforms) = preSolution
		Debug|x64 = Debug|x64
		Debug|x86 = Debug|x86
		Release|x64 = Release|x64
		Release|x86 = Release|x86
	EndGlobalSection
	GlobalSection(ProjectConfigurationPlatforms) = postSolution
		{B39A2D9A-CA92-46B0-BE51-7F8E2D70F3CA}.Debug|x64.ActiveCfg = Debug|x64
		{B39A2D9A-CA92-46B0-BE51-7F8E2D70F3CA}.Debug|x64.Build.0 = Debug|x64
		{B39A2D9A-CA92-46B0-BE51-7F8E2D70F3CA}.Debug|x86.ActiveCfg = Debug|Win32
		{B39A2D9A-CA92-46B0-BE51-7F8E2D70F3CA}.Debug|x86.Build.0 = Debug|Win32
		{B39A2D9A-CA92-46B0-BE51-7F8E2D70F3CA}.Release|x64.ActiveCfg = Release|x64
		{B39A2D9A-CA92-46B0-BE51-7F8E2D70F3CA}.Release|x64.Build.0 = Release|x64
		{B39A2D9A-CA92-46B0-BE51-7F8E2D70F3CA}.Release|x86.ActiveCfg = Release|Win32
		{B39A2D9A-CA92-46B0-BE51-7F8E2D70F3CA}.Release|x86.Build.0 = Release|Win32
	EndGlobalSection
	GlobalSection(SolutionProperties) = preSolution
		HideSolutionNode = FALSE
	EndGlobalSection
	GlobalSection(ExtensibilityGlobals) = postSolution
		SolutionGuid = {E7ABF922-4784-4D78-B3B5-02F9E0E19D1B}
	EndGlobalSection
EndGlobal
